<?xml version="1.0" encoding="utf-8"?>
<Project ToolsVersion="4.0" xmlns="http://schemas.microsoft.com/developer/msbuild/2003">
  <ItemGroup>
    <Filter Include="Toy">
      <UniqueIdentifier>{0127880B-6D30-887C-F6AB-9E7C62B4937C}</UniqueIdentifier>
    </Filter>
  </ItemGroup>
  <ItemGroup>
    <ClInclude Include="src\Toy.h" />
    <ClInclude Include="src\Toy\Application.h">
      <Filter>Toy</Filter>
    </ClInclude>
    <ClInclude Include="src\Toy\Core.h">
      <Filter>Toy</Filter>
    </ClInclude>
    <ClInclude Include="src\Toy\EntryPoint.h">
      <Filter>Toy</Filter>
    </ClInclude>
    <ClInclude Include="src\Toy\Log.h">
      <Filter>Toy</Filter>
    </ClInclude>
  </ItemGroup>
  <ItemGroup>
    <ClCompile Include="src\Toy\Application.cpp">
      <Filter>Toy</Filter>
    </ClCompile>
    <ClCompile Include="src\Toy\Log.cpp">
      <Filter>Toy</Filter>
    </ClCompile>
  </ItemGroup>
</Project>